
Microsoft Visual Studio Solution File, Format Version 12.00
# Visual Studio Version 16
VisualStudioVersion = 16.0.33027.164
MinimumVisualStudioVersion = 10.0.40219.1
Project("{FAE04EC0-301F-11D3-BF4B-00C04F79EFBC}") = "cbasic5.4", "cbasic5.4\cbasic5.4.csproj", "{D9205E5B-3F53-4F8D-82CD-9A3A7863DD1F}"
EndProject
Global
	GlobalSection(SolutionConfigurationPlatforms) = preSolution
		Debug|Any CPU = Debug|Any CPU
		Release|Any CPU = Release|Any CPU
	EndGlobalSection
	GlobalSection(ProjectConfigurationPlatforms) = postSolution
		{D9205E5B-3F53-4F8D-82CD-9A3A7863DD1F}.Debug|Any CPU.ActiveCfg = Debug|Any CPU
		{D9205E5B-3F53-4F8D-82CD-9A3A7863DD1F}.Debug|Any CPU.Build.0 = Debug|Any CPU
		{D9205E5B-3F53-4F8D-82CD-9A3A7863DD1F}.Release|Any CPU.ActiveCfg = Release|Any CPU
		{D9205E5B-3F53-4F8D-82CD-9A3A7863DD1F}.Release|Any CPU.Build.0 = Release|Any CPU
	EndGlobalSection
	GlobalSection(SolutionProperties) = preSolution
		HideSolutionNode = FALSE
	EndGlobalSection
	GlobalSection(ExtensibilityGlobals) = postSolution
		SolutionGuid = {3A42CBB1-5889-4336-8851-71F377F1CAEA}
	EndGlobalSection
EndGlobal
